
Microsoft Visual Studio Solution File, Format Version 12.00
# Visual Studio Version 17
VisualStudioVersion = 17.5.33530.505
MinimumVisualStudioVersion = 10.0.40219.1
Project("{9A19103F-16F7-4668-BE54-9A1E7A4F7556}") = "BitTagAPI", "BitTagAPI.csproj", "{F61EFC76-55C3-48E4-8D4E-F74D5618C7DB}"
EndProject
Project("{9A19103F-16F7-4668-BE54-9A1E7A4F7556}") = "BitTagWebAPP", "..\BitTagWebAPP\BitTagWebAPP.csproj", "{2A3CB5DE-C143-4B2E-829E-AFFEEFABAE91}"
EndProject
Project("{9A19103F-16F7-4668-BE54-9A1E7A4F7556}") = "BitTagDAL", "..\BitTagDAL\BitTagDAL.csproj", "{DDA655E5-9B10-49EE-BCDC-E8EB3C4D30C2}"
EndProject
Project("{9A19103F-16F7-4668-BE54-9A1E7A4F7556}") = "BitTagModels", "..\BitTagModels\BitTagModels.csproj", "{4BD6A4C9-B91B-4674-846F-95BE771264A6}"
EndProject
Project("{9A19103F-16F7-4668-BE54-9A1E7A4F7556}") = "BitTagUser", "..\BitTagUser\BitTagUser.csproj", "{F385D6A4-8714-45C4-B6DD-8313F4BD3D0C}"
EndProject
Global
	GlobalSection(SolutionConfigurationPlatforms) = preSolution
		Debug|Any CPU = Debug|Any CPU
		Release|Any CPU = Release|Any CPU
	EndGlobalSection
	GlobalSection(ProjectConfigurationPlatforms) = postSolution
		{F61EFC76-55C3-48E4-8D4E-F74D5618C7DB}.Debug|Any CPU.ActiveCfg = Debug|Any CPU
		{F61EFC76-55C3-48E4-8D4E-F74D5618C7DB}.Debug|Any CPU.Build.0 = Debug|Any CPU
		{F61EFC76-55C3-48E4-8D4E-F74D5618C7DB}.Release|Any CPU.ActiveCfg = Release|Any CPU
		{F61EFC76-55C3-48E4-8D4E-F74D5618C7DB}.Release|Any CPU.Build.0 = Release|Any CPU
		{2A3CB5DE-C143-4B2E-829E-AFFEEFABAE91}.Debug|Any CPU.ActiveCfg = Debug|Any CPU
		{2A3CB5DE-C143-4B2E-829E-AFFEEFABAE91}.Debug|Any CPU.Build.0 = Debug|Any CPU
		{2A3CB5DE-C143-4B2E-829E-AFFEEFABAE91}.Release|Any CPU.ActiveCfg = Release|Any CPU
		{2A3CB5DE-C143-4B2E-829E-AFFEEFABAE91}.Release|Any CPU.Build.0 = Release|Any CPU
		{DDA655E5-9B10-49EE-BCDC-E8EB3C4D30C2}.Debug|Any CPU.ActiveCfg = Debug|Any CPU
		{DDA655E5-9B10-49EE-BCDC-E8EB3C4D30C2}.Debug|Any CPU.Build.0 = Debug|Any CPU
		{DDA655E5-9B10-49EE-BCDC-E8EB3C4D30C2}.Release|Any CPU.ActiveCfg = Release|Any CPU
		{DDA655E5-9B10-49EE-BCDC-E8EB3C4D30C2}.Release|Any CPU.Build.0 = Release|Any CPU
		{4BD6A4C9-B91B-4674-846F-95BE771264A6}.Debug|Any CPU.ActiveCfg = Debug|Any CPU
		{4BD6A4C9-B91B-4674-846F-95BE771264A6}.Debug|Any CPU.Build.0 = Debug|Any CPU
		{4BD6A4C9-B91B-4674-846F-95BE771264A6}.Release|Any CPU.ActiveCfg = Release|Any CPU
		{4BD6A4C9-B91B-4674-846F-95BE771264A6}.Release|Any CPU.Build.0 = Release|Any CPU
		{F385D6A4-8714-45C4-B6DD-8313F4BD3D0C}.Debug|Any CPU.ActiveCfg = Debug|Any CPU
		{F385D6A4-8714-45C4-B6DD-8313F4BD3D0C}.Debug|Any CPU.Build.0 = Debug|Any CPU
		{F385D6A4-8714-45C4-B6DD-8313F4BD3D0C}.Release|Any CPU.ActiveCfg = Release|Any CPU
		{F385D6A4-8714-45C4-B6DD-8313F4BD3D0C}.Release|Any CPU.Build.0 = Release|Any CPU
	EndGlobalSection
	GlobalSection(SolutionProperties) = preSolution
		HideSolutionNode = FALSE
	EndGlobalSection
	GlobalSection(ExtensibilityGlobals) = postSolution
		SolutionGuid = {0CCFF26C-2EAA-44C3-A1DD-A09851AF056D}
	EndGlobalSection
EndGlobal
